# THIS IS AN AUTOGENERATED FILE. DO NOT EDIT THIS FILE DIRECTLY.
# yarn lockfile v1


dexie@^3.0.3:
  version "3.0.3"
  resolved "https://registry.yarnpkg.com/dexie/-/dexie-3.0.3.tgz#ede63849dfe5f07e13e99bb72a040e8ac1d29dab"
  integrity sha512-BSFhGpngnCl1DOr+8YNwBDobRMH0ziJs2vts69VilwetHYOtEDcLqo7d/XiIphM0tJZ2rPPyAGd31lgH2Ln3nw==
